{
    "_readme": [
        "This file locks the dependencies of your project to a known state",
        "Read more about it at https://getcomposer.org/doc/01-basic-usage.md#installing-dependencies",
        "This file is @generated automatically"
    ],
    "content-hash": "0cb3eb25ae35d172c4f0455d543c397b",
    "packages": [
        {
            "name": "zadarma/user-api-v1",
            "version": "v1.1.6",
            "source": {
                "type": "git",
                "url": "https://github.com/zadarma/user-api-v1.git",
                "reference": "1b11f29ad47aa43e20f0434f7d8f2e53c8f1f626"
            },
            "dist": {
                "type": "zip",
                "url": "https://api.github.com/repos/zadarma/user-api-v1/zipball/1b11f29ad47aa43e20f0434f7d8f2e53c8f1f626",
                "reference": "1b11f29ad47aa43e20f0434f7d8f2e53c8f1f626",
                "shasum": ""
            },
            "require": {
                "ext-curl": "*",
                "php": ">=5.5.0"
            },
            "type": "library",
            "autoload": {
                "psr-4": {
                    "Zadarma_API\\": "lib/"
                }
            },
            "notification-url": "https://packagist.org/downloads/",
            "license": [
                "MIT"
            ],
            "authors": [
                {
                    "name": "Zadarma",
                    "email": "github@zadarma.com"
                }
            ],
            "description": "PHP class for Zadarma API",
            "homepage": "https://github.com/zadarma/user-api-v1",
            "keywords": [
                "api",
                "free calls",
                "pbx",
                "sip",
                "zadarma"
            ],
            "time": "2020-11-26T22:33:15+00:00"
        }
    ],
    "packages-dev": [],
    "aliases": [],
    "minimum-stability": "stable",
    "stability-flags": [],
    "prefer-stable": false,
    "prefer-lowest": false,
    "platform": [],
    "platform-dev": [],
    "plugin-api-version": "1.1.0"
}
